
Microsoft Visual Studio Solution File, Format Version 12.00
# Visual Studio 15
VisualStudioVersion = 15.0.27703.2042
MinimumVisualStudioVersion = 10.0.40219.1
Project("{8BC9CEB8-8B4A-11D0-8D11-00A0C91BC942}") = "test", "test\test.vcxproj", "{EC040AC9-2879-435D-B4C2-EAD0615D0780}"
EndProject
Project("{8BC9CEB8-8B4A-11D0-8D11-00A0C91BC942}") = "Sun", "Sun\Sun.vcxproj", "{025F7B64-258B-41EB-94E4-80FD5FB1C966}"
EndProject
Project("{8BC9CEB8-8B4A-11D0-8D11-00A0C91BC942}") = "DrawLine", "DrawLine\DrawLine.vcxproj", "{CF32D9AC-6391-4D3B-90C9-5BA34D6B8B93}"
EndProject
Project("{8BC9CEB8-8B4A-11D0-8D11-00A0C91BC942}") = "DrawByArray", "Byarray\Byarray.vcxproj", "{2DB95E2F-1E10-492A-B225-79B1419589C9}"
EndProject
Project("{8BC9CEB8-8B4A-11D0-8D11-00A0C91BC942}") = "Robot", "Robot\Robot.vcxproj", "{FC3640CB-0BCF-4B2E-82FF-D9F7084A8875}"
EndProject
Project("{8BC9CEB8-8B4A-11D0-8D11-00A0C91BC942}") = "Light", "Light\Light.vcxproj", "{06C1B284-11DA-4A64-8C0B-853042A3F7FF}"
EndProject
Project("{8BC9CEB8-8B4A-11D0-8D11-00A0C91BC942}") = "Combination", "Combination\Combination.vcxproj", "{98508768-BE68-460E-9971-DA26F50889B5}"
EndProject
Project("{8BC9CEB8-8B4A-11D0-8D11-00A0C91BC942}") = "Sun2", "Sun2\Sun2.vcxproj", "{74AAC171-73AF-4484-BE0D-2E029DE5A40E}"
EndProject
Project("{8BC9CEB8-8B4A-11D0-8D11-00A0C91BC942}") = "Time", "Time\Time.vcxproj", "{8793D1F3-B282-4DA9-A171-3EFEA77C7777}"
EndProject
Project("{8BC9CEB8-8B4A-11D0-8D11-00A0C91BC942}") = "Texture", "Texture\Texture.vcxproj", "{2059B97F-5DEC-4222-B34E-AF71645030D8}"
EndProject
Project("{8BC9CEB8-8B4A-11D0-8D11-00A0C91BC942}") = "RobotObject", "RobotObject\RobotObject.vcxproj", "{6850701D-9A46-4908-BBC7-C207F184024A}"
EndProject
Project("{8BC9CEB8-8B4A-11D0-8D11-00A0C91BC942}") = "Rotatein3D", "Rotatein3D\Rotatein3D.vcxproj", "{E3EB05E7-3B4D-45E5-85F0-3BF26B9A17C5}"
EndProject
Project("{8BC9CEB8-8B4A-11D0-8D11-00A0C91BC942}") = "Gain3Dcoordinate", "Gain3Dcoordinate\Gain3Dcoordinate.vcxproj", "{FC4EE390-DE5A-4BFE-BAB5-5B6A3E597F70}"
EndProject
Project("{8BC9CEB8-8B4A-11D0-8D11-00A0C91BC942}") = "ReadObj", "ReadObj\ReadObj.vcxproj", "{784061B5-846C-4398-8AD8-67A551BC53AF}"
EndProject
Project("{8BC9CEB8-8B4A-11D0-8D11-00A0C91BC942}") = "Read2", "Read2\Read2.vcxproj", "{F3930EB4-E511-418F-ADE5-88AEFA4EEA2A}"
EndProject
Global
	GlobalSection(SolutionConfigurationPlatforms) = preSolution
		Debug|x64 = Debug|x64
		Debug|x86 = Debug|x86
		Release|x64 = Release|x64
		Release|x86 = Release|x86
	EndGlobalSection
	GlobalSection(ProjectConfigurationPlatforms) = postSolution
		{EC040AC9-2879-435D-B4C2-EAD0615D0780}.Debug|x64.ActiveCfg = Debug|x64
		{EC040AC9-2879-435D-B4C2-EAD0615D0780}.Debug|x64.Build.0 = Debug|x64
		{EC040AC9-2879-435D-B4C2-EAD0615D0780}.Debug|x86.ActiveCfg = Debug|Win32
		{EC040AC9-2879-435D-B4C2-EAD0615D0780}.Debug|x86.Build.0 = Debug|Win32
		{EC040AC9-2879-435D-B4C2-EAD0615D0780}.Release|x64.ActiveCfg = Release|x64
		{EC040AC9-2879-435D-B4C2-EAD0615D0780}.Release|x64.Build.0 = Release|x64
		{EC040AC9-2879-435D-B4C2-EAD0615D0780}.Release|x86.ActiveCfg = Release|Win32
		{EC040AC9-2879-435D-B4C2-EAD0615D0780}.Release|x86.Build.0 = Release|Win32
		{025F7B64-258B-41EB-94E4-80FD5FB1C966}.Debug|x64.ActiveCfg = Debug|x64
		{025F7B64-258B-41EB-94E4-80FD5FB1C966}.Debug|x64.Build.0 = Debug|x64
		{025F7B64-258B-41EB-94E4-80FD5FB1C966}.Debug|x86.ActiveCfg = Debug|Win32
		{025F7B64-258B-41EB-94E4-80FD5FB1C966}.Debug|x86.Build.0 = Debug|Win32
		{025F7B64-258B-41EB-94E4-80FD5FB1C966}.Release|x64.ActiveCfg = Release|x64
		{025F7B64-258B-41EB-94E4-80FD5FB1C966}.Release|x64.Build.0 = Release|x64
		{025F7B64-258B-41EB-94E4-80FD5FB1C966}.Release|x86.ActiveCfg = Release|Win32
		{025F7B64-258B-41EB-94E4-80FD5FB1C966}.Release|x86.Build.0 = Release|Win32
		{CF32D9AC-6391-4D3B-90C9-5BA34D6B8B93}.Debug|x64.ActiveCfg = Debug|x64
		{CF32D9AC-6391-4D3B-90C9-5BA34D6B8B93}.Debug|x64.Build.0 = Debug|x64
		{CF32D9AC-6391-4D3B-90C9-5BA34D6B8B93}.Debug|x86.ActiveCfg = Debug|Win32
		{CF32D9AC-6391-4D3B-90C9-5BA34D6B8B93}.Debug|x86.Build.0 = Debug|Win32
		{CF32D9AC-6391-4D3B-90C9-5BA34D6B8B93}.Release|x64.ActiveCfg = Release|x64
		{CF32D9AC-6391-4D3B-90C9-5BA34D6B8B93}.Release|x64.Build.0 = Release|x64
		{CF32D9AC-6391-4D3B-90C9-5BA34D6B8B93}.Release|x86.ActiveCfg = Release|Win32
		{CF32D9AC-6391-4D3B-90C9-5BA34D6B8B93}.Release|x86.Build.0 = Release|Win32
		{2DB95E2F-1E10-492A-B225-79B1419589C9}.Debug|x64.ActiveCfg = Debug|x64
		{2DB95E2F-1E10-492A-B225-79B1419589C9}.Debug|x64.Build.0 = Debug|x64
		{2DB95E2F-1E10-492A-B225-79B1419589C9}.Debug|x86.ActiveCfg = Debug|Win32
		{2DB95E2F-1E10-492A-B225-79B1419589C9}.Debug|x86.Build.0 = Debug|Win32
		{2DB95E2F-1E10-492A-B225-79B1419589C9}.Release|x64.ActiveCfg = Release|x64
		{2DB95E2F-1E10-492A-B225-79B1419589C9}.Release|x64.Build.0 = Release|x64
		{2DB95E2F-1E10-492A-B225-79B1419589C9}.Release|x86.ActiveCfg = Release|Win32
		{2DB95E2F-1E10-492A-B225-79B1419589C9}.Release|x86.Build.0 = Release|Win32
		{FC3640CB-0BCF-4B2E-82FF-D9F7084A8875}.Debug|x64.ActiveCfg = Debug|x64
		{FC3640CB-0BCF-4B2E-82FF-D9F7084A8875}.Debug|x64.Build.0 = Debug|x64
		{FC3640CB-0BCF-4B2E-82FF-D9F7084A8875}.Debug|x86.ActiveCfg = Debug|Win32
		{FC3640CB-0BCF-4B2E-82FF-D9F7084A8875}.Debug|x86.Build.0 = Debug|Win32
		{FC3640CB-0BCF-4B2E-82FF-D9F7084A8875}.Release|x64.ActiveCfg = Release|x64
		{FC3640CB-0BCF-4B2E-82FF-D9F7084A8875}.Release|x64.Build.0 = Release|x64
		{FC3640CB-0BCF-4B2E-82FF-D9F7084A8875}.Release|x86.ActiveCfg = Release|Win32
		{FC3640CB-0BCF-4B2E-82FF-D9F7084A8875}.Release|x86.Build.0 = Release|Win32
		{06C1B284-11DA-4A64-8C0B-853042A3F7FF}.Debug|x64.ActiveCfg = Debug|x64
		{06C1B284-11DA-4A64-8C0B-853042A3F7FF}.Debug|x64.Build.0 = Debug|x64
		{06C1B284-11DA-4A64-8C0B-853042A3F7FF}.Debug|x86.ActiveCfg = Debug|Win32
		{06C1B284-11DA-4A64-8C0B-853042A3F7FF}.Debug|x86.Build.0 = Debug|Win32
		{06C1B284-11DA-4A64-8C0B-853042A3F7FF}.Release|x64.ActiveCfg = Release|x64
		{06C1B284-11DA-4A64-8C0B-853042A3F7FF}.Release|x64.Build.0 = Release|x64
		{06C1B284-11DA-4A64-8C0B-853042A3F7FF}.Release|x86.ActiveCfg = Release|Win32
		{06C1B284-11DA-4A64-8C0B-853042A3F7FF}.Release|x86.Build.0 = Release|Win32
		{98508768-BE68-460E-9971-DA26F50889B5}.Debug|x64.ActiveCfg = Debug|x64
		{98508768-BE68-460E-9971-DA26F50889B5}.Debug|x64.Build.0 = Debug|x64
		{98508768-BE68-460E-9971-DA26F50889B5}.Debug|x86.ActiveCfg = Debug|Win32
		{98508768-BE68-460E-9971-DA26F50889B5}.Debug|x86.Build.0 = Debug|Win32
		{98508768-BE68-460E-9971-DA26F50889B5}.Release|x64.ActiveCfg = Release|x64
		{98508768-BE68-460E-9971-DA26F50889B5}.Release|x64.Build.0 = Release|x64
		{98508768-BE68-460E-9971-DA26F50889B5}.Release|x86.ActiveCfg = Release|Win32
		{98508768-BE68-460E-9971-DA26F50889B5}.Release|x86.Build.0 = Release|Win32
		{74AAC171-73AF-4484-BE0D-2E029DE5A40E}.Debug|x64.ActiveCfg = Debug|x64
		{74AAC171-73AF-4484-BE0D-2E029DE5A40E}.Debug|x64.Build.0 = Debug|x64
		{74AAC171-73AF-4484-BE0D-2E029DE5A40E}.Debug|x86.ActiveCfg = Debug|Win32
		{74AAC171-73AF-4484-BE0D-2E029DE5A40E}.Debug|x86.Build.0 = Debug|Win32
		{74AAC171-73AF-4484-BE0D-2E029DE5A40E}.Release|x64.ActiveCfg = Release|x64
		{74AAC171-73AF-4484-BE0D-2E029DE5A40E}.Release|x64.Build.0 = Release|x64
		{74AAC171-73AF-4484-BE0D-2E029DE5A40E}.Release|x86.ActiveCfg = Release|Win32
		{74AAC171-73AF-4484-BE0D-2E029DE5A40E}.Release|x86.Build.0 = Release|Win32
		{8793D1F3-B282-4DA9-A171-3EFEA77C7777}.Debug|x64.ActiveCfg = Debug|x64
		{8793D1F3-B282-4DA9-A171-3EFEA77C7777}.Debug|x64.Build.0 = Debug|x64
		{8793D1F3-B282-4DA9-A171-3EFEA77C7777}.Debug|x86.ActiveCfg = Debug|Win32
		{8793D1F3-B282-4DA9-A171-3EFEA77C7777}.Debug|x86.Build.0 = Debug|Win32
		{8793D1F3-B282-4DA9-A171-3EFEA77C7777}.Release|x64.ActiveCfg = Release|x64
		{8793D1F3-B282-4DA9-A171-3EFEA77C7777}.Release|x64.Build.0 = Release|x64
		{8793D1F3-B282-4DA9-A171-3EFEA77C7777}.Release|x86.ActiveCfg = Release|Win32
		{8793D1F3-B282-4DA9-A171-3EFEA77C7777}.Release|x86.Build.0 = Release|Win32
		{2059B97F-5DEC-4222-B34E-AF71645030D8}.Debug|x64.ActiveCfg = Debug|x64
		{2059B97F-5DEC-4222-B34E-AF71645030D8}.Debug|x64.Build.0 = Debug|x64
		{2059B97F-5DEC-4222-B34E-AF71645030D8}.Debug|x86.ActiveCfg = Debug|Win32
		{2059B97F-5DEC-4222-B34E-AF71645030D8}.Debug|x86.Build.0 = Debug|Win32
		{2059B97F-5DEC-4222-B34E-AF71645030D8}.Release|x64.ActiveCfg = Release|x64
		{2059B97F-5DEC-4222-B34E-AF71645030D8}.Release|x64.Build.0 = Release|x64
		{2059B97F-5DEC-4222-B34E-AF71645030D8}.Release|x86.ActiveCfg = Release|Win32
		{2059B97F-5DEC-4222-B34E-AF71645030D8}.Release|x86.Build.0 = Release|Win32
		{6850701D-9A46-4908-BBC7-C207F184024A}.Debug|x64.ActiveCfg = Debug|x64
		{6850701D-9A46-4908-BBC7-C207F184024A}.Debug|x64.Build.0 = Debug|x64
		{6850701D-9A46-4908-BBC7-C207F184024A}.Debug|x86.ActiveCfg = Debug|Win32
		{6850701D-9A46-4908-BBC7-C207F184024A}.Debug|x86.Build.0 = Debug|Win32
		{6850701D-9A46-4908-BBC7-C207F184024A}.Release|x64.ActiveCfg = Release|x64
		{6850701D-9A46-4908-BBC7-C207F184024A}.Release|x64.Build.0 = Release|x64
		{6850701D-9A46-4908-BBC7-C207F184024A}.Release|x86.ActiveCfg = Release|Win32
		{6850701D-9A46-4908-BBC7-C207F184024A}.Release|x86.Build.0 = Release|Win32
		{E3EB05E7-3B4D-45E5-85F0-3BF26B9A17C5}.Debug|x64.ActiveCfg = Debug|x64
		{E3EB05E7-3B4D-45E5-85F0-3BF26B9A17C5}.Debug|x64.Build.0 = Debug|x64
		{E3EB05E7-3B4D-45E5-85F0-3BF26B9A17C5}.Debug|x86.ActiveCfg = Debug|Win32
		{E3EB05E7-3B4D-45E5-85F0-3BF26B9A17C5}.Debug|x86.Build.0 = Debug|Win32
		{E3EB05E7-3B4D-45E5-85F0-3BF26B9A17C5}.Release|x64.ActiveCfg = Release|x64
		{E3EB05E7-3B4D-45E5-85F0-3BF26B9A17C5}.Release|x64.Build.0 = Release|x64
		{E3EB05E7-3B4D-45E5-85F0-3BF26B9A17C5}.Release|x86.ActiveCfg = Release|Win32
		{E3EB05E7-3B4D-45E5-85F0-3BF26B9A17C5}.Release|x86.Build.0 = Release|Win32
		{FC4EE390-DE5A-4BFE-BAB5-5B6A3E597F70}.Debug|x64.ActiveCfg = Debug|x64
		{FC4EE390-DE5A-4BFE-BAB5-5B6A3E597F70}.Debug|x64.Build.0 = Debug|x64
		{FC4EE390-DE5A-4BFE-BAB5-5B6A3E597F70}.Debug|x86.ActiveCfg = Debug|Win32
		{FC4EE390-DE5A-4BFE-BAB5-5B6A3E597F70}.Debug|x86.Build.0 = Debug|Win32
		{FC4EE390-DE5A-4BFE-BAB5-5B6A3E597F70}.Release|x64.ActiveCfg = Release|x64
		{FC4EE390-DE5A-4BFE-BAB5-5B6A3E597F70}.Release|x64.Build.0 = Release|x64
		{FC4EE390-DE5A-4BFE-BAB5-5B6A3E597F70}.Release|x86.ActiveCfg = Release|Win32
		{FC4EE390-DE5A-4BFE-BAB5-5B6A3E597F70}.Release|x86.Build.0 = Release|Win32
		{784061B5-846C-4398-8AD8-67A551BC53AF}.Debug|x64.ActiveCfg = Debug|x64
		{784061B5-846C-4398-8AD8-67A551BC53AF}.Debug|x64.Build.0 = Debug|x64
		{784061B5-846C-4398-8AD8-67A551BC53AF}.Debug|x86.ActiveCfg = Debug|Win32
		{784061B5-846C-4398-8AD8-67A551BC53AF}.Debug|x86.Build.0 = Debug|Win32
		{784061B5-846C-4398-8AD8-67A551BC53AF}.Release|x64.ActiveCfg = Release|x64
		{784061B5-846C-4398-8AD8-67A551BC53AF}.Release|x64.Build.0 = Release|x64
		{784061B5-846C-4398-8AD8-67A551BC53AF}.Release|x86.ActiveCfg = Release|Win32
		{784061B5-846C-4398-8AD8-67A551BC53AF}.Release|x86.Build.0 = Release|Win32
		{F3930EB4-E511-418F-ADE5-88AEFA4EEA2A}.Debug|x64.ActiveCfg = Debug|x64
		{F3930EB4-E511-418F-ADE5-88AEFA4EEA2A}.Debug|x64.Build.0 = Debug|x64
		{F3930EB4-E511-418F-ADE5-88AEFA4EEA2A}.Debug|x86.ActiveCfg = Debug|Win32
		{F3930EB4-E511-418F-ADE5-88AEFA4EEA2A}.Debug|x86.Build.0 = Debug|Win32
		{F3930EB4-E511-418F-ADE5-88AEFA4EEA2A}.Release|x64.ActiveCfg = Release|x64
		{F3930EB4-E511-418F-ADE5-88AEFA4EEA2A}.Release|x64.Build.0 = Release|x64
		{F3930EB4-E511-418F-ADE5-88AEFA4EEA2A}.Release|x86.ActiveCfg = Release|Win32
		{F3930EB4-E511-418F-ADE5-88AEFA4EEA2A}.Release|x86.Build.0 = Release|Win32
	EndGlobalSection
	GlobalSection(SolutionProperties) = preSolution
		HideSolutionNode = FALSE
	EndGlobalSection
	GlobalSection(ExtensibilityGlobals) = postSolution
		SolutionGuid = {E165D7C2-4885-44F4-873E-70BEF9432DAE}
	EndGlobalSection
EndGlobal
