
Microsoft Visual Studio Solution File, Format Version 12.00
# Visual Studio 15
VisualStudioVersion = 15.0.27703.2042
MinimumVisualStudioVersion = 10.0.40219.1
Project("{8BC9CEB8-8B4A-11D0-8D11-00A0C91BC942}") = "line", "line\line.vcxproj", "{CED22D1E-1B1A-49E7-AABF-F45EC8AED095}"
EndProject
Global
	GlobalSection(SolutionConfigurationPlatforms) = preSolution
		Debug|x64 = Debug|x64
		Debug|x86 = Debug|x86
		Release|x64 = Release|x64
		Release|x86 = Release|x86
	EndGlobalSection
	GlobalSection(ProjectConfigurationPlatforms) = postSolution
		{CED22D1E-1B1A-49E7-AABF-F45EC8AED095}.Debug|x64.ActiveCfg = Debug|x64
		{CED22D1E-1B1A-49E7-AABF-F45EC8AED095}.Debug|x64.Build.0 = Debug|x64
		{CED22D1E-1B1A-49E7-AABF-F45EC8AED095}.Debug|x86.ActiveCfg = Debug|Win32
		{CED22D1E-1B1A-49E7-AABF-F45EC8AED095}.Debug|x86.Build.0 = Debug|Win32
		{CED22D1E-1B1A-49E7-AABF-F45EC8AED095}.Release|x64.ActiveCfg = Release|x64
		{CED22D1E-1B1A-49E7-AABF-F45EC8AED095}.Release|x64.Build.0 = Release|x64
		{CED22D1E-1B1A-49E7-AABF-F45EC8AED095}.Release|x86.ActiveCfg = Release|Win32
		{CED22D1E-1B1A-49E7-AABF-F45EC8AED095}.Release|x86.Build.0 = Release|Win32
	EndGlobalSection
	GlobalSection(SolutionProperties) = preSolution
		HideSolutionNode = FALSE
	EndGlobalSection
	GlobalSection(ExtensibilityGlobals) = postSolution
		SolutionGuid = {3BB2DE1D-0F51-4360-9130-4FCC43668721}
	EndGlobalSection
EndGlobal
